PODS:
  - Alamofire (5.2.2)
  - Realm (5.3.6):
    - Realm/Headers (= 5.3.6)
  - Realm/Headers (5.3.6)
  - RealmSwift (5.3.6):
    - Realm (= 5.3.6)

DEPENDENCIES:
  - Alamofire
  - RealmSwift

SPEC REPOS:
  trunk:
    - Alamofire
    - Realm
    - RealmSwift

SPEC CHECKSUMS:
  Alamofire: 814429acc853c6c54ff123fc3d2ef66803823ce0
  Realm: cd400dd7e5b5bb5c8ae9842eecd73792369e6ec0
  RealmSwift: 99a16dbdee5d6dfb3d91d56088a9f8c15c0871d1

PODFILE CHECKSUM: 47788a57d7e20b27f84a44795d16489d763b001a

COCOAPODS: 1.9.3
